{
  "object": {
    "pins": [
      {
        "package": "AssociatedTypeRequirementsKit",
        "repositoryURL": "https://github.com/nerdsupremacist/AssociatedTypeRequirementsKit.git",
        "state": {
          "branch": null,
          "revision": "2e4c49c21ffb2135f1c99fbfcf2119c9d24f5e8c",
          "version": "0.3.2"
        }
      },
      {
        "package": "MetadataSystem",
        "repositoryURL": "https://github.com/Apodini/MetadataSystem.git",
        "state": {
          "branch": null,
          "revision": "7f0df17075a455dcf8b88b234dfaa295b0df7f27",
          "version": "0.1.2"
        }
      },
      {
        "package": "Runtime",
        "repositoryURL": "https://github.com/wickwirew/Runtime.git",
        "state": {
          "branch": null,
          "revision": "dad03135d7701a4e7b3a4051e75d6b37bd8e178e",
          "version": "2.2.4"
        }
      }
    ]
  },
  "version": 1
}
