{
  "object": {
    "pins": [
      {
        "package": "AssociatedTypeRequirementsKit",
        "repositoryURL": "https://github.com/nerdsupremacist/AssociatedTypeRequirementsKit.git",
        "state": {
          "branch": null,
          "revision": "2e4c49c21ffb2135f1c99fbfcf2119c9d24f5e8c",
          "version": "0.3.2"
        }
      },
      {
        "package": "MetadataSystem",
        "repositoryURL": "https://github.com/Apodini/MetadataSystem.git",
        "state": {
          "branch": null,
          "revision": "f655813f1953af8d3aaac432dad35f394e7bdf75",
          "version": "0.1.6"
        }
      },
      {
        "package": "Runtime",
        "repositoryURL": "https://github.com/wickwirew/Runtime.git",
        "state": {
          "branch": null,
          "revision": "dad03135d7701a4e7b3a4051e75d6b37bd8e178e",
          "version": "2.2.4"
        }
      },
      {
        "package": "swift-collections",
        "repositoryURL": "https://github.com/apple/swift-collections.git",
        "state": {
          "branch": null,
          "revision": "48254824bb4248676bf7ce56014ff57b142b77eb",
          "version": "1.0.2"
        }
      }
    ]
  },
  "version": 1
}
